schema: forensic-lab.art_catalog_lock.v1
source:
  repository: https://github.com/redcanaryco/atomic-red-team
  vendored_path: vendor/atomic-red-team
  upstream_commit: not-recorded-in-current-vendor-snapshot
version:
  type: project-vendored-snapshot
  commit: c20329562104ffa5707dae5a754557d051f04bc1
  tree: 35260170d50236688c38360cec4d818a11e4b944
license:
  id: MIT
  file: vendor/atomic-red-team/LICENSE.txt
scope:
  role: calibration-layer
  full_corpus_required: false
  note: >
    Atomic Red Team is retained as an ATT&CK-mapped atomic baseline for
    single-observable calibration. Multi-step forensic scenarios are controlled
    by this framework and must not depend on ART tests for their attack logic.
selected_techniques:
  - technique: T1059.004
    name: "Command and Scripting Interpreter: Unix Shell"
    purpose: shell execution and simple file creation/modification calibration
  - technique: T1105
    name: Ingress Tool Transfer
    purpose: simulated local transfer calibration without external network
  - technique: T1070.004
    name: "Indicator Removal on Host: File Deletion"
    purpose: controlled file deletion calibration
